
Microsoft Visual Studio Solution File, Format Version 12.00
# Visual Studio Version 16
VisualStudioVersion = 16.0.29025.244
MinimumVisualStudioVersion = 10.0.40219.1
Project("{FAE04EC0-301F-11D3-BF4B-00C04F79EFBC}") = "InvoicingSystem_XML", "InvoicingSystem_XML\InvoicingSystem_XML.csproj", "{0004FD23-4CCA-478F-ACA5-DC129322A5B8}"
EndProject
Global
	GlobalSection(SolutionConfigurationPlatforms) = preSolution
		Debug|Any CPU = Debug|Any CPU
		Release|Any CPU = Release|Any CPU
	EndGlobalSection
	GlobalSection(ProjectConfigurationPlatforms) = postSolution
		{0004FD23-4CCA-478F-ACA5-DC129322A5B8}.Debug|Any CPU.ActiveCfg = Debug|Any CPU
		{0004FD23-4CCA-478F-ACA5-DC129322A5B8}.Debug|Any CPU.Build.0 = Debug|Any CPU
		{0004FD23-4CCA-478F-ACA5-DC129322A5B8}.Release|Any CPU.ActiveCfg = Release|Any CPU
		{0004FD23-4CCA-478F-ACA5-DC129322A5B8}.Release|Any CPU.Build.0 = Release|Any CPU
	EndGlobalSection
	GlobalSection(SolutionProperties) = preSolution
		HideSolutionNode = FALSE
	EndGlobalSection
	GlobalSection(ExtensibilityGlobals) = postSolution
		SolutionGuid = {5C948FFA-9DA5-43E9-8A9E-89FBD2320B73}
	EndGlobalSection
EndGlobal
